
Microsoft Visual Studio Solution File, Format Version 12.00
# Visual Studio 15
VisualStudioVersion = 15.0.28307.102
MinimumVisualStudioVersion = 10.0.40219.1
Project("{FAE04EC0-301F-11D3-BF4B-00C04F79EFBC}") = "HelloGit20112018", "HelloGit20112018\HelloGit20112018.csproj", "{BE353218-0514-41FA-A417-DA791DB69AF5}"
EndProject
Global
	GlobalSection(SolutionConfigurationPlatforms) = preSolution
		Debug|Any CPU = Debug|Any CPU
		Release|Any CPU = Release|Any CPU
	EndGlobalSection
	GlobalSection(ProjectConfigurationPlatforms) = postSolution
		{BE353218-0514-41FA-A417-DA791DB69AF5}.Debug|Any CPU.ActiveCfg = Debug|Any CPU
		{BE353218-0514-41FA-A417-DA791DB69AF5}.Debug|Any CPU.Build.0 = Debug|Any CPU
		{BE353218-0514-41FA-A417-DA791DB69AF5}.Release|Any CPU.ActiveCfg = Release|Any CPU
		{BE353218-0514-41FA-A417-DA791DB69AF5}.Release|Any CPU.Build.0 = Release|Any CPU
	EndGlobalSection
	GlobalSection(SolutionProperties) = preSolution
		HideSolutionNode = FALSE
	EndGlobalSection
	GlobalSection(ExtensibilityGlobals) = postSolution
		SolutionGuid = {4355BA13-6A4B-4D21-8F19-663A2625214B}
	EndGlobalSection
EndGlobal
